{
  "name": "dex",
  "lockfileVersion": 3,
  "requires": true,
  "packages": {
    "": {
      "name": "dex",
      "dependencies": {
        "framer-motion": "^12.29.2",
        "next-auth": "^4.24.13"
      },
      "devDependencies": {
        "@anthropic-ai/claude-code": "^2.1.150",
        "@anthropic-ai/claude-code-win32-x64": "^2.1.150"
      }
    },
    "node_modules/@anthropic-ai/claude-code": {
      "version": "2.1.150",
      "resolved": "https://registry.npmjs.org/@anthropic-ai/claude-code/-/claude-code-2.1.150.tgz",
      "integrity": "sha512-nyeOyoc/pmGGRpffyPU16v5campztkynyRFcNKqD7pBvI0aPfljGVi3CizKbu7/dx1MijeE9XiQ0kHk1tmx5Gg==",
      "dev": true,
      "hasInstallScript": true,
      "bin": {
        "claude": "bin/claude.exe"
      },
      "engines": {
        "node": ">=18.0.0"
      },
      "optionalDependencies": {
        "@anthropic-ai/claude-code-darwin-arm64": "2.1.150",
        "@anthropic-ai/claude-code-darwin-x64": "2.1.150",
        "@anthropic-ai/claude-code-linux-arm64": "2.1.150",
        "@anthropic-ai/claude-code-linux-arm64-musl": "2.1.150",
        "@anthropic-ai/claude-code-linux-x64": "2.1.150",
        "@anthropic-ai/claude-code-linux-x64-musl": "2.1.150",
        "@anthropic-ai/claude-code-win32-arm64": "2.1.150",
        "@anthropic-ai/claude-code-win32-x64": "2.1.150"
      }
    },
    "node_modules/@anthropic-ai/claude-code-darwin-arm64": {
      "version": "2.1.150",
      "resolved": "https://registry.npmjs.org/@anthropic-ai/claude-code-darwin-arm64/-/claude-code-darwin-arm64-2.1.150.tgz",
      "integrity": "sha512-k59/NkFmevUGc9C6zSiRbLYZy2W/fUemSXHu1wBiARSnO48e5P4lx9qzgt1vcl9vEDD5yUiYrKlSlxFvVcVvvw==",
      "cpu": [
        "arm64"
      ],
      "dev": true,
      "optional": true,
      "os": [
        "darwin"
      ]
    },
    "node_modules/@anthropic-ai/claude-code-darwin-x64": {
      "version": "2.1.150",
      "resolved": "https://registry.npmjs.org/@anthropic-ai/claude-code-darwin-x64/-/claude-code-darwin-x64-2.1.150.tgz",
      "integrity": "sha512-8lG6vQ7fTN2wjZVZszZuQydJTozK97iqjtzOb6X5dcB+rWbODf2V0ocLhV8pCFh7UtE+LwGI14CsitAal6bHiQ==",
      "cpu": [
        "x64"
      ],
      "dev": true,
      "optional": true,
      "os": [
        "darwin"
      ]
    },
    "node_modules/@anthropic-ai/claude-code-linux-arm64": {
      "version": "2.1.150",
      "resolved": "https://registry.npmjs.org/@anthropic-ai/claude-code-linux-arm64/-/claude-code-linux-arm64-2.1.150.tgz",
      "integrity": "sha512-PSJsTR28Jgzvusb7k6T00S9SIUpatzDIoW0eIUpDxN5/sD/SrVpnC4wgNXC2taJIiWAcFO0YUVeKNu8CYc5pCw==",
      "cpu": [
        "arm64"
      ],
      "dev": true,
      "optional": true,
      "os": [
        "linux"
      ]
    },
    "node_modules/@anthropic-ai/claude-code-linux-arm64-musl": {
      "version": "2.1.150",
      "resolved": "https://registry.npmjs.org/@anthropic-ai/claude-code-linux-arm64-musl/-/claude-code-linux-arm64-musl-2.1.150.tgz",
      "integrity": "sha512-5FmlQNvC9xbKHcqGgYs3Ozxh3bKcfYLYzLgvBuns/TaDvjCrdpAXbFcDBZAehkdRggy0pzLvw0kKqk39f3VOdQ==",
      "cpu": [
        "arm64"
      ],
      "dev": true,
      "optional": true,
      "os": [
        "linux"
      ]
    },
    "node_modules/@anthropic-ai/claude-code-linux-x64": {
      "version": "2.1.150",
      "resolved": "https://registry.npmjs.org/@anthropic-ai/claude-code-linux-x64/-/claude-code-linux-x64-2.1.150.tgz",
      "integrity": "sha512-Y67nRYuFu0vLv8t/qEMi2lHz3yZyhWGhvlrfpwHFsCpAJRFGVJtfbbxBq5Adm+2Z1PMAWAZXSDU3PfHPRy2B4g==",
      "cpu": [
        "x64"
      ],
      "dev": true,
      "optional": true,
      "os": [
        "linux"
      ]
    },
    "node_modules/@anthropic-ai/claude-code-linux-x64-musl": {
      "version": "2.1.150",
      "resolved": "https://registry.npmjs.org/@anthropic-ai/claude-code-linux-x64-musl/-/claude-code-linux-x64-musl-2.1.150.tgz",
      "integrity": "sha512-N+qECRylx9XVGZu/93yMuRrqzdTcAZLv7McJReH9/hWPJybXf+F1akzaYzOQ3vi79kzv1/QPXPPkx1J29ppsxQ==",
      "cpu": [
        "x64"
      ],
      "dev": true,
      "optional": true,
      "os": [
        "linux"
      ]
    },
    "node_modules/@anthropic-ai/claude-code-win32-arm64": {
      "version": "2.1.150",
      "resolved": "https://registry.npmjs.org/@anthropic-ai/claude-code-win32-arm64/-/claude-code-win32-arm64-2.1.150.tgz",
      "integrity": "sha512-tSUdcVLdmFY/FGv3VUpKTEmY4wZDU75WCGh28TVplP5iq0SNDMDJRu6B4FcfnT2TFUItp9VlF1OiSZDLEiX9Ag==",
      "cpu": [
        "arm64"
      ],
      "dev": true,
      "optional": true,
      "os": [
        "win32"
      ]
    },
    "node_modules/@anthropic-ai/claude-code-win32-x64": {
      "version": "2.1.150",
      "resolved": "https://registry.npmjs.org/@anthropic-ai/claude-code-win32-x64/-/claude-code-win32-x64-2.1.150.tgz",
      "integrity": "sha512-VE4Z6oyFTBqh3pHBDxpv5yoD7Sj7l0iY0Li4lXe+l+MvPuqu1cZJx53XBRErbjdLBf4Dhj69qXp6840oMuvJqA==",
      "cpu": [
        "x64"
      ],
      "dev": true,
      "os": [
        "win32"
      ]
    },
    "node_modules/@babel/runtime": {
      "version": "7.28.6",
      "resolved": "https://registry.npmjs.org/@babel/runtime/-/runtime-7.28.6.tgz",
      "integrity": "sha512-05WQkdpL9COIMz4LjTxGpPNCdlpyimKppYNoJ5Di5EUObifl8t4tuLuUBBZEpoLYOmfvIWrsp9fCl0HoPRVTdA==",
      "license": "MIT",
      "engines": {
        "node": ">=6.9.0"
      }
    },
    "node_modules/@panva/hkdf": {
      "version": "1.2.1",
      "resolved": "https://registry.npmjs.org/@panva/hkdf/-/hkdf-1.2.1.tgz",
      "integrity": "sha512-6oclG6Y3PiDFcoyk8srjLfVKyMfVCKJ27JwNPViuXziFpmdz+MZnZN/aKY0JGXgYuO/VghU0jcOAZgWXZ1Dmrw==",
      "license": "MIT",
      "funding": {
        "url": "https://github.com/sponsors/panva"
      }
    },
    "node_modules/cookie": {
      "version": "0.7.2",
      "resolved": "https://registry.npmjs.org/cookie/-/cookie-0.7.2.tgz",
      "integrity": "sha512-yki5XnKuf750l50uGTllt6kKILY4nQ1eNIQatoXEByZ5dWgnKqbnqmTrBE5B4N7lrMJKQ2ytWMiTO2o0v6Ew/w==",
      "license": "MIT",
      "engines": {
        "node": ">= 0.6"
      }
    },
    "node_modules/framer-motion": {
      "version": "12.29.2",
      "resolved": "https://registry.npmjs.org/framer-motion/-/framer-motion-12.29.2.tgz",
      "integrity": "sha512-lSNRzBJk4wuIy0emYQ/nfZ7eWhqud2umPKw2QAQki6uKhZPKm2hRQHeQoHTG9MIvfobb+A/LbEWPJU794ZUKrg==",
      "dependencies": {
        "motion-dom": "^12.29.2",
        "motion-utils": "^12.29.2",
        "tslib": "^2.4.0"
      },
      "peerDependencies": {
        "@emotion/is-prop-valid": "*",
        "react": "^18.0.0 || ^19.0.0",
        "react-dom": "^18.0.0 || ^19.0.0"
      },
      "peerDependenciesMeta": {
        "@emotion/is-prop-valid": {
          "optional": true
        },
        "react": {
          "optional": true
        },
        "react-dom": {
          "optional": true
        }
      }
    },
    "node_modules/jose": {
      "version": "4.15.9",
      "resolved": "https://registry.npmjs.org/jose/-/jose-4.15.9.tgz",
      "integrity": "sha512-1vUQX+IdDMVPj4k8kOxgUqlcK518yluMuGZwqlr44FS1ppZB/5GWh4rZG89erpOBOJjU/OBsnCVFfapsRz6nEA==",
      "license": "MIT",
      "funding": {
        "url": "https://github.com/sponsors/panva"
      }
    },
    "node_modules/lru-cache": {
      "version": "6.0.0",
      "resolved": "https://registry.npmjs.org/lru-cache/-/lru-cache-6.0.0.tgz",
      "integrity": "sha512-Jo6dJ04CmSjuznwJSS3pUeWmd/H0ffTlkXXgwZi+eq1UCmqQwCh+eLsYOYCwY991i2Fah4h1BEMCx4qThGbsiA==",
      "license": "ISC",
      "dependencies": {
        "yallist": "^4.0.0"
      },
      "engines": {
        "node": ">=10"
      }
    },
    "node_modules/motion-dom": {
      "version": "12.29.2",
      "resolved": "https://registry.npmjs.org/motion-dom/-/motion-dom-12.29.2.tgz",
      "integrity": "sha512-/k+NuycVV8pykxyiTCoFzIVLA95Nb1BFIVvfSu9L50/6K6qNeAYtkxXILy/LRutt7AzaYDc2myj0wkCVVYAPPA==",
      "dependencies": {
        "motion-utils": "^12.29.2"
      }
    },
    "node_modules/motion-utils": {
      "version": "12.29.2",
      "resolved": "https://registry.npmjs.org/motion-utils/-/motion-utils-12.29.2.tgz",
      "integrity": "sha512-G3kc34H2cX2gI63RqU+cZq+zWRRPSsNIOjpdl9TN4AQwC4sgwYPl/Q/Obf/d53nOm569T0fYK+tcoSV50BWx8A=="
    },
    "node_modules/next-auth": {
      "version": "4.24.13",
      "resolved": "https://registry.npmjs.org/next-auth/-/next-auth-4.24.13.tgz",
      "integrity": "sha512-sgObCfcfL7BzIK76SS5TnQtc3yo2Oifp/yIpfv6fMfeBOiBJkDWF3A2y9+yqnmJ4JKc2C+nMjSjmgDeTwgN1rQ==",
      "license": "ISC",
      "dependencies": {
        "@babel/runtime": "^7.20.13",
        "@panva/hkdf": "^1.0.2",
        "cookie": "^0.7.0",
        "jose": "^4.15.5",
        "oauth": "^0.9.15",
        "openid-client": "^5.4.0",
        "preact": "^10.6.3",
        "preact-render-to-string": "^5.1.19",
        "uuid": "^8.3.2"
      },
      "peerDependencies": {
        "@auth/core": "0.34.3",
        "next": "^12.2.5 || ^13 || ^14 || ^15 || ^16",
        "nodemailer": "^7.0.7",
        "react": "^17.0.2 || ^18 || ^19",
        "react-dom": "^17.0.2 || ^18 || ^19"
      },
      "peerDependenciesMeta": {
        "@auth/core": {
          "optional": true
        },
        "nodemailer": {
          "optional": true
        }
      }
    },
    "node_modules/oauth": {
      "version": "0.9.15",
      "resolved": "https://registry.npmjs.org/oauth/-/oauth-0.9.15.tgz",
      "integrity": "sha512-a5ERWK1kh38ExDEfoO6qUHJb32rd7aYmPHuyCu3Fta/cnICvYmgd2uhuKXvPD+PXB+gCEYYEaQdIRAjCOwAKNA==",
      "license": "MIT"
    },
    "node_modules/object-hash": {
      "version": "2.2.0",
      "resolved": "https://registry.npmjs.org/object-hash/-/object-hash-2.2.0.tgz",
      "integrity": "sha512-gScRMn0bS5fH+IuwyIFgnh9zBdo4DV+6GhygmWM9HyNJSgS0hScp1f5vjtm7oIIOiT9trXrShAkLFSc2IqKNgw==",
      "license": "MIT",
      "engines": {
        "node": ">= 6"
      }
    },
    "node_modules/oidc-token-hash": {
      "version": "5.2.0",
      "resolved": "https://registry.npmjs.org/oidc-token-hash/-/oidc-token-hash-5.2.0.tgz",
      "integrity": "sha512-6gj2m8cJZ+iSW8bm0FXdGF0YhIQbKrfP4yWTNzxc31U6MOjfEmB1rHvlYvxI1B7t7BCi1F2vYTT6YhtQRG4hxw==",
      "license": "MIT",
      "engines": {
        "node": "^10.13.0 || >=12.0.0"
      }
    },
    "node_modules/openid-client": {
      "version": "5.7.1",
      "resolved": "https://registry.npmjs.org/openid-client/-/openid-client-5.7.1.tgz",
      "integrity": "sha512-jDBPgSVfTnkIh71Hg9pRvtJc6wTwqjRkN88+gCFtYWrlP4Yx2Dsrow8uPi3qLr/aeymPF3o2+dS+wOpglK04ew==",
      "license": "MIT",
      "dependencies": {
        "jose": "^4.15.9",
        "lru-cache": "^6.0.0",
        "object-hash": "^2.2.0",
        "oidc-token-hash": "^5.0.3"
      },
      "funding": {
        "url": "https://github.com/sponsors/panva"
      }
    },
    "node_modules/preact": {
      "version": "10.28.2",
      "resolved": "https://registry.npmjs.org/preact/-/preact-10.28.2.tgz",
      "integrity": "sha512-lbteaWGzGHdlIuiJ0l2Jq454m6kcpI1zNje6d8MlGAFlYvP2GO4ibnat7P74Esfz4sPTdM6UxtTwh/d3pwM9JA==",
      "license": "MIT",
      "funding": {
        "type": "opencollective",
        "url": "https://opencollective.com/preact"
      }
    },
    "node_modules/preact-render-to-string": {
      "version": "5.2.6",
      "resolved": "https://registry.npmjs.org/preact-render-to-string/-/preact-render-to-string-5.2.6.tgz",
      "integrity": "sha512-JyhErpYOvBV1hEPwIxc/fHWXPfnEGdRKxc8gFdAZ7XV4tlzyzG847XAyEZqoDnynP88akM4eaHcSOzNcLWFguw==",
      "license": "MIT",
      "dependencies": {
        "pretty-format": "^3.8.0"
      },
      "peerDependencies": {
        "preact": ">=10"
      }
    },
    "node_modules/pretty-format": {
      "version": "3.8.0",
      "resolved": "https://registry.npmjs.org/pretty-format/-/pretty-format-3.8.0.tgz",
      "integrity": "sha512-WuxUnVtlWL1OfZFQFuqvnvs6MiAGk9UNsBostyBOB0Is9wb5uRESevA6rnl/rkksXaGX3GzZhPup5d6Vp1nFew==",
      "license": "MIT"
    },
    "node_modules/tslib": {
      "version": "2.8.1",
      "resolved": "https://registry.npmjs.org/tslib/-/tslib-2.8.1.tgz",
      "integrity": "sha512-oJFu94HQb+KVduSUQL7wnpmqnfmLsOA/nAh6b6EH0wCEoK0/mPeXU6c3wKDV83MkOuHPRHtSXKKU99IBazS/2w==",
      "license": "0BSD"
    },
    "node_modules/uuid": {
      "version": "8.3.2",
      "resolved": "https://registry.npmjs.org/uuid/-/uuid-8.3.2.tgz",
      "integrity": "sha512-+NYs2QeMWy+GWFOEm9xnn6HCDp0l7QBD7ml8zLUmJ+93Q5NF0NocErnwkTkXVFNiX3/fpC6afS8Dhb/gz7R7eg==",
      "license": "MIT",
      "bin": {
        "uuid": "dist/bin/uuid"
      }
    },
    "node_modules/yallist": {
      "version": "4.0.0",
      "resolved": "https://registry.npmjs.org/yallist/-/yallist-4.0.0.tgz",
      "integrity": "sha512-3wdGidZyq5PB084XLES5TpOSRA3wjXAlIWMhum2kRcv/41Sn2emQ0dycQW4uZXLejwKvg6EsvbdlVL+FYEct7A==",
      "license": "ISC"
    }
  }
}
